
Microsoft Visual Studio Solution File, Format Version 12.00
# Visual Studio Version 16
VisualStudioVersion = 16.0.30225.117
MinimumVisualStudioVersion = 10.0.40219.1
Project("{FAE04EC0-301F-11D3-BF4B-00C04F79EFBC}") = "AppIntro.Android", "AppIntro\AppIntro.Android\AppIntro.Android.csproj", "{B570C66A-09C6-44A3-A76C-2EF09A2AA4FE}"
EndProject
Project("{FAE04EC0-301F-11D3-BF4B-00C04F79EFBC}") = "AppIntro", "AppIntro\AppIntro\AppIntro.csproj", "{A57C315E-D87E-4193-AF42-1C1E7A709430}"
EndProject
Global
	GlobalSection(SolutionConfigurationPlatforms) = preSolution
		Debug|Any CPU = Debug|Any CPU
		Release|Any CPU = Release|Any CPU
	EndGlobalSection
	GlobalSection(ProjectConfigurationPlatforms) = postSolution
		{B570C66A-09C6-44A3-A76C-2EF09A2AA4FE}.Debug|Any CPU.ActiveCfg = Debug|Any CPU
		{B570C66A-09C6-44A3-A76C-2EF09A2AA4FE}.Debug|Any CPU.Build.0 = Debug|Any CPU
		{B570C66A-09C6-44A3-A76C-2EF09A2AA4FE}.Debug|Any CPU.Deploy.0 = Debug|Any CPU
		{B570C66A-09C6-44A3-A76C-2EF09A2AA4FE}.Release|Any CPU.ActiveCfg = Release|Any CPU
		{B570C66A-09C6-44A3-A76C-2EF09A2AA4FE}.Release|Any CPU.Build.0 = Release|Any CPU
		{B570C66A-09C6-44A3-A76C-2EF09A2AA4FE}.Release|Any CPU.Deploy.0 = Release|Any CPU
		{A57C315E-D87E-4193-AF42-1C1E7A709430}.Debug|Any CPU.ActiveCfg = Debug|Any CPU
		{A57C315E-D87E-4193-AF42-1C1E7A709430}.Debug|Any CPU.Build.0 = Debug|Any CPU
		{A57C315E-D87E-4193-AF42-1C1E7A709430}.Debug|Any CPU.Deploy.0 = Debug|Any CPU
		{A57C315E-D87E-4193-AF42-1C1E7A709430}.Release|Any CPU.ActiveCfg = Release|Any CPU
		{A57C315E-D87E-4193-AF42-1C1E7A709430}.Release|Any CPU.Build.0 = Release|Any CPU
		{A57C315E-D87E-4193-AF42-1C1E7A709430}.Release|Any CPU.Deploy.0 = Release|Any CPU
	EndGlobalSection
	GlobalSection(SolutionProperties) = preSolution
		HideSolutionNode = FALSE
	EndGlobalSection
	GlobalSection(ExtensibilityGlobals) = postSolution
		SolutionGuid = {B079FE2E-E912-40DB-BD99-ECDB2A387075}
	EndGlobalSection
EndGlobal
